
Microsoft Visual Studio Solution File, Format Version 12.00
# Visual Studio Version 17
VisualStudioVersion = 17.14.36401.2 d17.14
MinimumVisualStudioVersion = 10.0.40219.1
Project("{FAE04EC0-301F-11D3-BF4B-00C04F79EFBC}") = "hospital management 11", "hospital management 11\hospital management 11.csproj", "{58372C60-9C0D-453A-9361-855FDE03F0CB}"
EndProject
Global
	GlobalSection(SolutionConfigurationPlatforms) = preSolution
		Debug|Any CPU = Debug|Any CPU
		Release|Any CPU = Release|Any CPU
	EndGlobalSection
	GlobalSection(ProjectConfigurationPlatforms) = postSolution
		{58372C60-9C0D-453A-9361-855FDE03F0CB}.Debug|Any CPU.ActiveCfg = Debug|Any CPU
		{58372C60-9C0D-453A-9361-855FDE03F0CB}.Debug|Any CPU.Build.0 = Debug|Any CPU
		{58372C60-9C0D-453A-9361-855FDE03F0CB}.Release|Any CPU.ActiveCfg = Release|Any CPU
		{58372C60-9C0D-453A-9361-855FDE03F0CB}.Release|Any CPU.Build.0 = Release|Any CPU
	EndGlobalSection
	GlobalSection(SolutionProperties) = preSolution
		HideSolutionNode = FALSE
	EndGlobalSection
	GlobalSection(ExtensibilityGlobals) = postSolution
		SolutionGuid = {2A8A7C32-92BE-4F29-BAB4-D6D4140EC347}
	EndGlobalSection
EndGlobal
