
Microsoft Visual Studio Solution File, Format Version 12.00
# Visual Studio Version 17
VisualStudioVersion = 17.14.36401.2
MinimumVisualStudioVersion = 10.0.40219.1
Project("{FAE04EC0-301F-11D3-BF4B-00C04F79EFBC}") = "Encapsulation", "Encapsulation\Encapsulation.csproj", "{C6A70AC2-2627-421C-A421-FB2EF41D0705}"
EndProject
Project("{FAE04EC0-301F-11D3-BF4B-00C04F79EFBC}") = "activity encaps", "activity encaps\activity encaps.csproj", "{34729CD6-3906-4B16-AFDA-DAF31BD889DB}"
EndProject
Project("{FAE04EC0-301F-11D3-BF4B-00C04F79EFBC}") = "encapactivity", "encapactivity\encapactivity.csproj", "{99417917-1F14-4826-95D8-28C74196CC68}"
EndProject
Global
	GlobalSection(SolutionConfigurationPlatforms) = preSolution
		Debug|Any CPU = Debug|Any CPU
		Release|Any CPU = Release|Any CPU
	EndGlobalSection
	GlobalSection(ProjectConfigurationPlatforms) = postSolution
		{C6A70AC2-2627-421C-A421-FB2EF41D0705}.Debug|Any CPU.ActiveCfg = Debug|Any CPU
		{C6A70AC2-2627-421C-A421-FB2EF41D0705}.Debug|Any CPU.Build.0 = Debug|Any CPU
		{C6A70AC2-2627-421C-A421-FB2EF41D0705}.Release|Any CPU.ActiveCfg = Release|Any CPU
		{C6A70AC2-2627-421C-A421-FB2EF41D0705}.Release|Any CPU.Build.0 = Release|Any CPU
		{34729CD6-3906-4B16-AFDA-DAF31BD889DB}.Debug|Any CPU.ActiveCfg = Debug|Any CPU
		{34729CD6-3906-4B16-AFDA-DAF31BD889DB}.Debug|Any CPU.Build.0 = Debug|Any CPU
		{34729CD6-3906-4B16-AFDA-DAF31BD889DB}.Release|Any CPU.ActiveCfg = Release|Any CPU
		{34729CD6-3906-4B16-AFDA-DAF31BD889DB}.Release|Any CPU.Build.0 = Release|Any CPU
		{99417917-1F14-4826-95D8-28C74196CC68}.Debug|Any CPU.ActiveCfg = Debug|Any CPU
		{99417917-1F14-4826-95D8-28C74196CC68}.Debug|Any CPU.Build.0 = Debug|Any CPU
		{99417917-1F14-4826-95D8-28C74196CC68}.Release|Any CPU.ActiveCfg = Release|Any CPU
		{99417917-1F14-4826-95D8-28C74196CC68}.Release|Any CPU.Build.0 = Release|Any CPU
	EndGlobalSection
	GlobalSection(SolutionProperties) = preSolution
		HideSolutionNode = FALSE
	EndGlobalSection
	GlobalSection(ExtensibilityGlobals) = postSolution
		SolutionGuid = {2F61103E-7986-4B49-B969-CA9F6952B423}
	EndGlobalSection
EndGlobal
