
Microsoft Visual Studio Solution File, Format Version 12.00
# Visual Studio Version 17
VisualStudioVersion = 17.14.36401.2 d17.14
MinimumVisualStudioVersion = 10.0.40219.1
Project("{FAE04EC0-301F-11D3-BF4B-00C04F79EFBC}") = "Exercise", "Exercise\Exercise.csproj", "{6704458C-21CF-416C-A8C0-5CC6D2C4CDBA}"
EndProject
Global
	GlobalSection(SolutionConfigurationPlatforms) = preSolution
		Debug|Any CPU = Debug|Any CPU
		Release|Any CPU = Release|Any CPU
	EndGlobalSection
	GlobalSection(ProjectConfigurationPlatforms) = postSolution
		{6704458C-21CF-416C-A8C0-5CC6D2C4CDBA}.Debug|Any CPU.ActiveCfg = Debug|Any CPU
		{6704458C-21CF-416C-A8C0-5CC6D2C4CDBA}.Debug|Any CPU.Build.0 = Debug|Any CPU
		{6704458C-21CF-416C-A8C0-5CC6D2C4CDBA}.Release|Any CPU.ActiveCfg = Release|Any CPU
		{6704458C-21CF-416C-A8C0-5CC6D2C4CDBA}.Release|Any CPU.Build.0 = Release|Any CPU
	EndGlobalSection
	GlobalSection(SolutionProperties) = preSolution
		HideSolutionNode = FALSE
	EndGlobalSection
	GlobalSection(ExtensibilityGlobals) = postSolution
		SolutionGuid = {DE981ED8-D48B-42C2-9CA4-5ECBB25A249D}
	EndGlobalSection
EndGlobal
