
Microsoft Visual Studio Solution File, Format Version 12.00
# Visual Studio Version 17
VisualStudioVersion = 17.14.36401.2 d17.14
MinimumVisualStudioVersion = 10.0.40219.1
Project("{FAE04EC0-301F-11D3-BF4B-00C04F79EFBC}") = "razorassessment", "razorassessment\razorassessment.csproj", "{A2AD532B-1FB6-4C4C-8F90-525ED09ADF64}"
EndProject
Global
	GlobalSection(SolutionConfigurationPlatforms) = preSolution
		Debug|Any CPU = Debug|Any CPU
		Release|Any CPU = Release|Any CPU
	EndGlobalSection
	GlobalSection(ProjectConfigurationPlatforms) = postSolution
		{A2AD532B-1FB6-4C4C-8F90-525ED09ADF64}.Debug|Any CPU.ActiveCfg = Debug|Any CPU
		{A2AD532B-1FB6-4C4C-8F90-525ED09ADF64}.Debug|Any CPU.Build.0 = Debug|Any CPU
		{A2AD532B-1FB6-4C4C-8F90-525ED09ADF64}.Release|Any CPU.ActiveCfg = Release|Any CPU
		{A2AD532B-1FB6-4C4C-8F90-525ED09ADF64}.Release|Any CPU.Build.0 = Release|Any CPU
	EndGlobalSection
	GlobalSection(SolutionProperties) = preSolution
		HideSolutionNode = FALSE
	EndGlobalSection
	GlobalSection(ExtensibilityGlobals) = postSolution
		SolutionGuid = {9F1C1E2C-128C-4CE3-B9BC-75FFBE145F2E}
	EndGlobalSection
EndGlobal
