
Microsoft Visual Studio Solution File, Format Version 12.00
# Visual Studio Version 17
VisualStudioVersion = 17.14.36401.2 d17.14
MinimumVisualStudioVersion = 10.0.40219.1
Project("{FAE04EC0-301F-11D3-BF4B-00C04F79EFBC}") = "OOPS", "OOPS\OOPS.csproj", "{BFD48472-08FE-440F-A57A-4C35774F602D}"
EndProject
Project("{FAE04EC0-301F-11D3-BF4B-00C04F79EFBC}") = "oops2", "oops2\oops2.csproj", "{65A194A4-B5E5-436C-AC23-3C75FA5FA05C}"
EndProject
Project("{FAE04EC0-301F-11D3-BF4B-00C04F79EFBC}") = "cars", "cars\cars.csproj", "{EEB81035-2E74-4840-8C22-AE327C2A9A7B}"
EndProject
Global
	GlobalSection(SolutionConfigurationPlatforms) = preSolution
		Debug|Any CPU = Debug|Any CPU
		Release|Any CPU = Release|Any CPU
	EndGlobalSection
	GlobalSection(ProjectConfigurationPlatforms) = postSolution
		{BFD48472-08FE-440F-A57A-4C35774F602D}.Debug|Any CPU.ActiveCfg = Debug|Any CPU
		{BFD48472-08FE-440F-A57A-4C35774F602D}.Debug|Any CPU.Build.0 = Debug|Any CPU
		{BFD48472-08FE-440F-A57A-4C35774F602D}.Release|Any CPU.ActiveCfg = Release|Any CPU
		{BFD48472-08FE-440F-A57A-4C35774F602D}.Release|Any CPU.Build.0 = Release|Any CPU
		{65A194A4-B5E5-436C-AC23-3C75FA5FA05C}.Debug|Any CPU.ActiveCfg = Debug|Any CPU
		{65A194A4-B5E5-436C-AC23-3C75FA5FA05C}.Debug|Any CPU.Build.0 = Debug|Any CPU
		{65A194A4-B5E5-436C-AC23-3C75FA5FA05C}.Release|Any CPU.ActiveCfg = Release|Any CPU
		{65A194A4-B5E5-436C-AC23-3C75FA5FA05C}.Release|Any CPU.Build.0 = Release|Any CPU
		{EEB81035-2E74-4840-8C22-AE327C2A9A7B}.Debug|Any CPU.ActiveCfg = Debug|Any CPU
		{EEB81035-2E74-4840-8C22-AE327C2A9A7B}.Debug|Any CPU.Build.0 = Debug|Any CPU
		{EEB81035-2E74-4840-8C22-AE327C2A9A7B}.Release|Any CPU.ActiveCfg = Release|Any CPU
		{EEB81035-2E74-4840-8C22-AE327C2A9A7B}.Release|Any CPU.Build.0 = Release|Any CPU
	EndGlobalSection
	GlobalSection(SolutionProperties) = preSolution
		HideSolutionNode = FALSE
	EndGlobalSection
	GlobalSection(ExtensibilityGlobals) = postSolution
		SolutionGuid = {B532BEA2-F415-46F9-8337-C088C0E18970}
	EndGlobalSection
EndGlobal
