
Microsoft Visual Studio Solution File, Format Version 12.00
# Visual Studio Version 17
VisualStudioVersion = 17.14.36401.2
MinimumVisualStudioVersion = 10.0.40219.1
Project("{FAE04EC0-301F-11D3-BF4B-00C04F79EFBC}") = "LinQ", "LinQ\LinQ.csproj", "{6F5BD4E0-E0B9-4CBA-B4BB-2328AFF42F14}"
EndProject
Project("{FAE04EC0-301F-11D3-BF4B-00C04F79EFBC}") = "Linq2", "Linq2\Linq2.csproj", "{FB4801F6-33D8-4D84-A000-0439ABF88777}"
EndProject
Project("{FAE04EC0-301F-11D3-BF4B-00C04F79EFBC}") = "linq3", "linq3\linq3.csproj", "{185938F8-6720-4FC8-96F9-3E38AF156D5A}"
EndProject
Project("{FAE04EC0-301F-11D3-BF4B-00C04F79EFBC}") = "ConsoleApp1", "ConsoleApp1\ConsoleApp1.csproj", "{F66DBCF8-72A9-43E7-AA87-2FA1431772D0}"
EndProject
Project("{FAE04EC0-301F-11D3-BF4B-00C04F79EFBC}") = "linq4", "linq4\linq4.csproj", "{74A8AE13-18F7-48C3-9DBB-8D9C9F0D4D44}"
EndProject
Project("{FAE04EC0-301F-11D3-BF4B-00C04F79EFBC}") = "linqq 5", "linqq 5\linqq 5.csproj", "{C6E99AEA-EC8B-47A6-809D-559B5C413A84}"
EndProject
Global
	GlobalSection(SolutionConfigurationPlatforms) = preSolution
		Debug|Any CPU = Debug|Any CPU
		Release|Any CPU = Release|Any CPU
	EndGlobalSection
	GlobalSection(ProjectConfigurationPlatforms) = postSolution
		{6F5BD4E0-E0B9-4CBA-B4BB-2328AFF42F14}.Debug|Any CPU.ActiveCfg = Debug|Any CPU
		{6F5BD4E0-E0B9-4CBA-B4BB-2328AFF42F14}.Debug|Any CPU.Build.0 = Debug|Any CPU
		{6F5BD4E0-E0B9-4CBA-B4BB-2328AFF42F14}.Release|Any CPU.ActiveCfg = Release|Any CPU
		{6F5BD4E0-E0B9-4CBA-B4BB-2328AFF42F14}.Release|Any CPU.Build.0 = Release|Any CPU
		{FB4801F6-33D8-4D84-A000-0439ABF88777}.Debug|Any CPU.ActiveCfg = Debug|Any CPU
		{FB4801F6-33D8-4D84-A000-0439ABF88777}.Debug|Any CPU.Build.0 = Debug|Any CPU
		{FB4801F6-33D8-4D84-A000-0439ABF88777}.Release|Any CPU.ActiveCfg = Release|Any CPU
		{FB4801F6-33D8-4D84-A000-0439ABF88777}.Release|Any CPU.Build.0 = Release|Any CPU
		{185938F8-6720-4FC8-96F9-3E38AF156D5A}.Debug|Any CPU.ActiveCfg = Debug|Any CPU
		{185938F8-6720-4FC8-96F9-3E38AF156D5A}.Debug|Any CPU.Build.0 = Debug|Any CPU
		{185938F8-6720-4FC8-96F9-3E38AF156D5A}.Release|Any CPU.ActiveCfg = Release|Any CPU
		{185938F8-6720-4FC8-96F9-3E38AF156D5A}.Release|Any CPU.Build.0 = Release|Any CPU
		{F66DBCF8-72A9-43E7-AA87-2FA1431772D0}.Debug|Any CPU.ActiveCfg = Debug|Any CPU
		{F66DBCF8-72A9-43E7-AA87-2FA1431772D0}.Debug|Any CPU.Build.0 = Debug|Any CPU
		{F66DBCF8-72A9-43E7-AA87-2FA1431772D0}.Release|Any CPU.ActiveCfg = Release|Any CPU
		{F66DBCF8-72A9-43E7-AA87-2FA1431772D0}.Release|Any CPU.Build.0 = Release|Any CPU
		{74A8AE13-18F7-48C3-9DBB-8D9C9F0D4D44}.Debug|Any CPU.ActiveCfg = Debug|Any CPU
		{74A8AE13-18F7-48C3-9DBB-8D9C9F0D4D44}.Debug|Any CPU.Build.0 = Debug|Any CPU
		{74A8AE13-18F7-48C3-9DBB-8D9C9F0D4D44}.Release|Any CPU.ActiveCfg = Release|Any CPU
		{74A8AE13-18F7-48C3-9DBB-8D9C9F0D4D44}.Release|Any CPU.Build.0 = Release|Any CPU
		{C6E99AEA-EC8B-47A6-809D-559B5C413A84}.Debug|Any CPU.ActiveCfg = Debug|Any CPU
		{C6E99AEA-EC8B-47A6-809D-559B5C413A84}.Debug|Any CPU.Build.0 = Debug|Any CPU
		{C6E99AEA-EC8B-47A6-809D-559B5C413A84}.Release|Any CPU.ActiveCfg = Release|Any CPU
		{C6E99AEA-EC8B-47A6-809D-559B5C413A84}.Release|Any CPU.Build.0 = Release|Any CPU
	EndGlobalSection
	GlobalSection(SolutionProperties) = preSolution
		HideSolutionNode = FALSE
	EndGlobalSection
	GlobalSection(ExtensibilityGlobals) = postSolution
		SolutionGuid = {0E7CD96C-F46A-449C-AC40-64E4DC1E18C1}
	EndGlobalSection
EndGlobal
