
Microsoft Visual Studio Solution File, Format Version 12.00
# Visual Studio Version 17
VisualStudioVersion = 17.14.36401.2 d17.14
MinimumVisualStudioVersion = 10.0.40219.1
Project("{FAE04EC0-301F-11D3-BF4B-00C04F79EFBC}") = "DTOdemo", "DTOdemo\DTOdemo.csproj", "{5DEABE7D-0F51-40D7-83E8-69A9CB2828A4}"
EndProject
Global
	GlobalSection(SolutionConfigurationPlatforms) = preSolution
		Debug|Any CPU = Debug|Any CPU
		Release|Any CPU = Release|Any CPU
	EndGlobalSection
	GlobalSection(ProjectConfigurationPlatforms) = postSolution
		{5DEABE7D-0F51-40D7-83E8-69A9CB2828A4}.Debug|Any CPU.ActiveCfg = Debug|Any CPU
		{5DEABE7D-0F51-40D7-83E8-69A9CB2828A4}.Debug|Any CPU.Build.0 = Debug|Any CPU
		{5DEABE7D-0F51-40D7-83E8-69A9CB2828A4}.Release|Any CPU.ActiveCfg = Release|Any CPU
		{5DEABE7D-0F51-40D7-83E8-69A9CB2828A4}.Release|Any CPU.Build.0 = Release|Any CPU
	EndGlobalSection
	GlobalSection(SolutionProperties) = preSolution
		HideSolutionNode = FALSE
	EndGlobalSection
	GlobalSection(ExtensibilityGlobals) = postSolution
		SolutionGuid = {25266383-3F24-427E-B3FF-6D94DF8F2AEA}
	EndGlobalSection
EndGlobal
