
Microsoft Visual Studio Solution File, Format Version 12.00
# Visual Studio Version 17
VisualStudioVersion = 17.14.36401.2 d17.14
MinimumVisualStudioVersion = 10.0.40219.1
Project("{FAE04EC0-301F-11D3-BF4B-00C04F79EFBC}") = "codefistactivity1", "codefistactivity1\codefistactivity1.csproj", "{55AF616B-451B-4CD9-BFBA-9829744DCC01}"
EndProject
Global
	GlobalSection(SolutionConfigurationPlatforms) = preSolution
		Debug|Any CPU = Debug|Any CPU
		Release|Any CPU = Release|Any CPU
	EndGlobalSection
	GlobalSection(ProjectConfigurationPlatforms) = postSolution
		{55AF616B-451B-4CD9-BFBA-9829744DCC01}.Debug|Any CPU.ActiveCfg = Debug|Any CPU
		{55AF616B-451B-4CD9-BFBA-9829744DCC01}.Debug|Any CPU.Build.0 = Debug|Any CPU
		{55AF616B-451B-4CD9-BFBA-9829744DCC01}.Release|Any CPU.ActiveCfg = Release|Any CPU
		{55AF616B-451B-4CD9-BFBA-9829744DCC01}.Release|Any CPU.Build.0 = Release|Any CPU
	EndGlobalSection
	GlobalSection(SolutionProperties) = preSolution
		HideSolutionNode = FALSE
	EndGlobalSection
	GlobalSection(ExtensibilityGlobals) = postSolution
		SolutionGuid = {B801FC99-E91B-4813-9E00-269B516AC317}
	EndGlobalSection
EndGlobal
